version = 1
revision = 3
requires-python = ">=3.14.2"

[[package]]
name = "colorama"
version = "0.4.6"
source = { registry = "https://pypi.org/simple" }
sdist = { url = "https://files.pythonhosted.org/packages/d8/53/6f443c9a4a8358a93a6792e2acffb9d9d5cb0a5cfd8802644b7b1c9a02e4/colorama-0.4.6.tar.gz", hash = "sha256:08695f5cb7ed6e0531a20572697297273c47b8cae5a63ffc6d6ed5c201be6e44", size = 27697, upload-time = "2022-10-25T02:36:22.414Z" }
wheels = [
    { url = "https://files.pythonhosted.org/packages/d1/d6/3965ed04c63042e047cb6a3e6ed1a63a35087b6a609aa3a15ed8ac56c221/colorama-0.4.6-py2.py3-none-any.whl", hash = "sha256:4f1d9991f5acc0ca119f9d443620b77f9d6b33703e51011c16baf57afb285fc6", size = 25335, upload-time = "2022-10-25T02:36:20.889Z" },
]

[[package]]
name = "iniconfig"
version = "2.3.0"
source = { registry = "https://pypi.org/simple" }
sdist = { url = "https://files.pythonhosted.org/packages/72/34/14ca021ce8e5dfedc35312d08ba8bf51fdd999c576889fc2c24cb97f4f10/iniconfig-2.3.0.tar.gz", hash = "sha256:c76315c77db068650d49c5b56314774a7804df16fee4402c1f19d6d15d8c4730", size = 20503, upload-time = "2025-10-18T21:55:43.219Z" }
wheels = [
    { url = "https://files.pythonhosted.org/packages/cb/b1/3846dd7f199d53cb17f49cba7e651e9ce294d8497c8c150530ed11865bb8/iniconfig-2.3.0-py3-none-any.whl", hash = "sha256:f631c04d2c48c52b84d0d0549c99ff3859c98df65b3101406327ecc7d53fbf12", size = 7484, upload-time = "2025-10-18T21:55:41.639Z" },
]

[[package]]
name = "ith-python"
version = "0.1.0"
source = { virtual = "." }
dependencies = [
    { name = "loguru" },
    { name = "numba" },
    { name = "numpy" },
    { name = "pandas" },
    { name = "plotly" },
    { name = "rich" },
    { name = "scipy" },
]

[package.dev-dependencies]
dev = [
    { name = "pytest" },
    { name = "ruff" },
]

[package.metadata]
requires-dist = [
    { name = "loguru", specifier = ">=0.7.3" },
    { name = "numba", specifier = ">=0.63.1" },
    { name = "numpy", specifier = ">=2.3.5" },
    { name = "pandas", specifier = ">=2.3.3" },
    { name = "plotly", specifier = ">=6.5.2" },
    { name = "rich", specifier = ">=14.2.0" },
    { name = "scipy", specifier = ">=1.17.0" },
]

[package.metadata.requires-dev]
dev = [
    { name = "pytest", specifier = ">=9.0.2" },
    { name = "ruff", specifier = ">=0.14.12" },
]

[[package]]
name = "llvmlite"
version = "0.46.0"
source = { registry = "https://pypi.org/simple" }
sdist = { url = "https://files.pythonhosted.org/packages/74/cd/08ae687ba099c7e3d21fe2ea536500563ef1943c5105bf6ab4ee3829f68e/llvmlite-0.46.0.tar.gz", hash = "sha256:227c9fd6d09dce2783c18b754b7cd9d9b3b3515210c46acc2d3c5badd9870ceb", size = 193456, upload-time = "2025-12-08T18:15:36.295Z" }
wheels = [
    { url = "https://files.pythonhosted.org/packages/95/ae/af0ffb724814cc2ea64445acad05f71cff5f799bb7efb22e47ee99340dbc/llvmlite-0.46.0-cp314-cp314-macosx_12_0_arm64.whl", hash = "sha256:d252edfb9f4ac1fcf20652258e3f102b26b03eef738dc8a6ffdab7d7d341d547", size = 37232768, upload-time = "2025-12-08T18:15:25.055Z" },
    { url = "https://files.pythonhosted.org/packages/c9/19/5018e5352019be753b7b07f7759cdabb69ca5779fea2494be8839270df4c/llvmlite-0.46.0-cp314-cp314-manylinux2014_x86_64.manylinux_2_17_x86_64.whl", hash = "sha256:379fdd1c59badeff8982cb47e4694a6143bec3bb49aa10a466e095410522064d", size = 56275173, upload-time = "2025-12-08T18:15:28.109Z" },
    { url = "https://files.pythonhosted.org/packages/9f/c9/d57877759d707e84c082163c543853245f91b70c804115a5010532890f18/llvmlite-0.46.0-cp314-cp314-manylinux_2_27_aarch64.manylinux_2_28_aarch64.whl", hash = "sha256:2e8cbfff7f6db0fa2c771ad24154e2a7e457c2444d7673e6de06b8b698c3b269", size = 55128628, upload-time = "2025-12-08T18:15:31.098Z" },
    { url = "https://files.pythonhosted.org/packages/30/a8/e61a8c2b3cc7a597073d9cde1fcbb567e9d827f1db30c93cf80422eac70d/llvmlite-0.46.0-cp314-cp314-win_amd64.whl", hash = "sha256:7821eda3ec1f18050f981819756631d60b6d7ab1a6cf806d9efefbe3f4082d61", size = 39153056, upload-time = "2025-12-08T18:15:33.938Z" },
]

[[package]]
name = "loguru"
version = "0.7.3"
source = { registry = "https://pypi.org/simple" }
dependencies = [
    { name = "colorama", marker = "sys_platform == 'win32'" },
    { name = "win32-setctime", marker = "sys_platform == 'win32'" },
]
sdist = { url = "https://files.pythonhosted.org/packages/3a/05/a1dae3dffd1116099471c643b8924f5aa6524411dc6c63fdae648c4f1aca/loguru-0.7.3.tar.gz", hash = "sha256:19480589e77d47b8d85b2c827ad95d49bf31b0dcde16593892eb51dd18706eb6", size = 63559, upload-time = "2024-12-06T11:20:56.608Z" }
wheels = [
    { url = "https://files.pythonhosted.org/packages/0c/29/0348de65b8cc732daa3e33e67806420b2ae89bdce2b04af740289c5c6c8c/loguru-0.7.3-py3-none-any.whl", hash = "sha256:31a33c10c8e1e10422bfd431aeb5d351c7cf7fa671e3c4df004162264b28220c", size = 61595, upload-time = "2024-12-06T11:20:54.538Z" },
]

[[package]]
name = "markdown-it-py"
version = "4.0.0"
source = { registry = "https://pypi.org/simple" }
dependencies = [
    { name = "mdurl" },
]
sdist = { url = "https://files.pythonhosted.org/packages/5b/f5/4ec618ed16cc4f8fb3b701563655a69816155e79e24a17b651541804721d/markdown_it_py-4.0.0.tar.gz", hash = "sha256:cb0a2b4aa34f932c007117b194e945bd74e0ec24133ceb5bac59009cda1cb9f3", size = 73070, upload-time = "2025-08-11T12:57:52.854Z" }
wheels = [
    { url = "https://files.pythonhosted.org/packages/94/54/e7d793b573f298e1c9013b8c4dade17d481164aa517d1d7148619c2cedbf/markdown_it_py-4.0.0-py3-none-any.whl", hash = "sha256:87327c59b172c5011896038353a81343b6754500a08cd7a4973bb48c6d578147", size = 87321, upload-time = "2025-08-11T12:57:51.923Z" },
]

[[package]]
name = "mdurl"
version = "0.1.2"
source = { registry = "https://pypi.org/simple" }
sdist = { url = "https://files.pythonhosted.org/packages/d6/54/cfe61301667036ec958cb99bd3efefba235e65cdeb9c84d24a8293ba1d90/mdurl-0.1.2.tar.gz", hash = "sha256:bb413d29f5eea38f31dd4754dd7377d4465116fb207585f97bf925588687c1ba", size = 8729, upload-time = "2022-08-14T12:40:10.846Z" }
wheels = [
    { url = "https://files.pythonhosted.org/packages/b3/38/89ba8ad64ae25be8de66a6d463314cf1eb366222074cfda9ee839c56a4b4/mdurl-0.1.2-py3-none-any.whl", hash = "sha256:84008a41e51615a49fc9966191ff91509e3c40b939176e643fd50a5c2196b8f8", size = 9979, upload-time = "2022-08-14T12:40:09.779Z" },
]

[[package]]
name = "narwhals"
version = "2.15.0"
source = { registry = "https://pypi.org/simple" }
sdist = { url = "https://files.pythonhosted.org/packages/47/6d/b57c64e5038a8cf071bce391bb11551657a74558877ac961e7fa905ece27/narwhals-2.15.0.tar.gz", hash = "sha256:a9585975b99d95084268445a1fdd881311fa26ef1caa18020d959d5b2ff9a965", size = 603479, upload-time = "2026-01-06T08:10:13.27Z" }
wheels = [
    { url = "https://files.pythonhosted.org/packages/3d/2e/cf2ffeb386ac3763526151163ad7da9f1b586aac96d2b4f7de1eaebf0c61/narwhals-2.15.0-py3-none-any.whl", hash = "sha256:cbfe21ca19d260d9fd67f995ec75c44592d1f106933b03ddd375df7ac841f9d6", size = 432856, upload-time = "2026-01-06T08:10:11.511Z" },
]

[[package]]
name = "numba"
version = "0.63.1"
source = { registry = "https://pypi.org/simple" }
dependencies = [
    { name = "llvmlite" },
    { name = "numpy" },
]
sdist = { url = "https://files.pythonhosted.org/packages/dc/60/0145d479b2209bd8fdae5f44201eceb8ce5a23e0ed54c71f57db24618665/numba-0.63.1.tar.gz", hash = "sha256:b320aa675d0e3b17b40364935ea52a7b1c670c9037c39cf92c49502a75902f4b", size = 2761666, upload-time = "2025-12-10T02:57:39.002Z" }
wheels = [
    { url = "https://files.pythonhosted.org/packages/36/2f/53be2aa8a55ee2608ebe1231789cbb217f6ece7f5e1c685d2f0752e95a5b/numba-0.63.1-cp314-cp314-macosx_12_0_arm64.whl", hash = "sha256:f180883e5508940cc83de8a8bea37fc6dd20fbe4e5558d4659b8b9bef5ff4731", size = 2681153, upload-time = "2025-12-10T02:57:32.016Z" },
    { url = "https://files.pythonhosted.org/packages/13/91/53e59c86759a0648282368d42ba732c29524a745fd555ed1fb1df83febbe/numba-0.63.1-cp314-cp314-manylinux2014_x86_64.manylinux_2_17_x86_64.whl", hash = "sha256:f0938764afa82a47c0e895637a6c55547a42c9e1d35cac42285b1fa60a8b02bb", size = 3778718, upload-time = "2025-12-10T02:57:33.764Z" },
    { url = "https://files.pythonhosted.org/packages/6c/0c/2be19eba50b0b7636f6d1f69dfb2825530537708a234ba1ff34afc640138/numba-0.63.1-cp314-cp314-manylinux_2_27_aarch64.manylinux_2_28_aarch64.whl", hash = "sha256:f90a929fa5094e062d4e0368ede1f4497d5e40f800e80aa5222c4734236a2894", size = 3478712, upload-time = "2025-12-10T02:57:35.518Z" },
    { url = "https://files.pythonhosted.org/packages/0d/5f/4d0c9e756732577a52211f31da13a3d943d185f7fb90723f56d79c696caa/numba-0.63.1-cp314-cp314-win_amd64.whl", hash = "sha256:8d6d5ce85f572ed4e1a135dbb8c0114538f9dd0e3657eeb0bb64ab204cbe2a8f", size = 2752161, upload-time = "2025-12-10T02:57:37.12Z" },
]

[[package]]
name = "numpy"
version = "2.3.5"
source = { registry = "https://pypi.org/simple" }
sdist = { url = "https://files.pythonhosted.org/packages/76/65/21b3bc86aac7b8f2862db1e808f1ea22b028e30a225a34a5ede9bf8678f2/numpy-2.3.5.tar.gz", hash = "sha256:784db1dcdab56bf0517743e746dfb0f885fc68d948aba86eeec2cba234bdf1c0", size = 20584950, upload-time = "2025-11-16T22:52:42.067Z" }
wheels = [
    { url = "https://files.pythonhosted.org/packages/ba/97/1a914559c19e32d6b2e233cf9a6a114e67c856d35b1d6babca571a3e880f/numpy-2.3.5-cp314-cp314-macosx_10_15_x86_64.whl", hash = "sha256:bf06bc2af43fa8d32d30fae16ad965663e966b1a3202ed407b84c989c3221e82", size = 16735706, upload-time = "2025-11-16T22:51:19.558Z" },
    { url = "https://files.pythonhosted.org/packages/57/d4/51233b1c1b13ecd796311216ae417796b88b0616cfd8a33ae4536330748a/numpy-2.3.5-cp314-cp314-macosx_11_0_arm64.whl", hash = "sha256:052e8c42e0c49d2575621c158934920524f6c5da05a1d3b9bab5d8e259e045f0", size = 12264507, upload-time = "2025-11-16T22:51:22.492Z" },
    { url = "https://files.pythonhosted.org/packages/45/98/2fe46c5c2675b8306d0b4a3ec3494273e93e1226a490f766e84298576956/numpy-2.3.5-cp314-cp314-macosx_14_0_arm64.whl", hash = "sha256:1ed1ec893cff7040a02c8aa1c8611b94d395590d553f6b53629a4461dc7f7b63", size = 5093049, upload-time = "2025-11-16T22:51:25.171Z" },
    { url = "https://files.pythonhosted.org/packages/ce/0e/0698378989bb0ac5f1660c81c78ab1fe5476c1a521ca9ee9d0710ce54099/numpy-2.3.5-cp314-cp314-macosx_14_0_x86_64.whl", hash = "sha256:2dcd0808a421a482a080f89859a18beb0b3d1e905b81e617a188bd80422d62e9", size = 6626603, upload-time = "2025-11-16T22:51:27Z" },
    { url = "https://files.pythonhosted.org/packages/5e/a6/9ca0eecc489640615642a6cbc0ca9e10df70df38c4d43f5a928ff18d8827/numpy-2.3.5-cp314-cp314-manylinux_2_27_aarch64.manylinux_2_28_aarch64.whl", hash = "sha256:727fd05b57df37dc0bcf1a27767a3d9a78cbbc92822445f32cc3436ba797337b", size = 14262696, upload-time = "2025-11-16T22:51:29.402Z" },
    { url = "https://files.pythonhosted.org/packages/c8/f6/07ec185b90ec9d7217a00eeeed7383b73d7e709dae2a9a021b051542a708/numpy-2.3.5-cp314-cp314-manylinux_2_27_x86_64.manylinux_2_28_x86_64.whl", hash = "sha256:fffe29a1ef00883599d1dc2c51aa2e5d80afe49523c261a74933df395c15c520", size = 16597350, upload-time = "2025-11-16T22:51:32.167Z" },
    { url = "https://files.pythonhosted.org/packages/75/37/164071d1dde6a1a84c9b8e5b414fa127981bad47adf3a6b7e23917e52190/numpy-2.3.5-cp314-cp314-musllinux_1_2_aarch64.whl", hash = "sha256:8f7f0e05112916223d3f438f293abf0727e1181b5983f413dfa2fefc4098245c", size = 16040190, upload-time = "2025-11-16T22:51:35.403Z" },
    { url = "https://files.pythonhosted.org/packages/08/3c/f18b82a406b04859eb026d204e4e1773eb41c5be58410f41ffa511d114ae/numpy-2.3.5-cp314-cp314-musllinux_1_2_x86_64.whl", hash = "sha256:2e2eb32ddb9ccb817d620ac1d8dae7c3f641c1e5f55f531a33e8ab97960a75b8", size = 18536749, upload-time = "2025-11-16T22:51:39.698Z" },
    { url = "https://files.pythonhosted.org/packages/40/79/f82f572bf44cf0023a2fe8588768e23e1592585020d638999f15158609e1/numpy-2.3.5-cp314-cp314-win32.whl", hash = "sha256:66f85ce62c70b843bab1fb14a05d5737741e74e28c7b8b5a064de10142fad248", size = 6335432, upload-time = "2025-11-16T22:51:42.476Z" },
    { url = "https://files.pythonhosted.org/packages/a3/2e/235b4d96619931192c91660805e5e49242389742a7a82c27665021db690c/numpy-2.3.5-cp314-cp314-win_amd64.whl", hash = "sha256:e6a0bc88393d65807d751a614207b7129a310ca4fe76a74e5c7da5fa5671417e", size = 12919388, upload-time = "2025-11-16T22:51:45.275Z" },
    { url = "https://files.pythonhosted.org/packages/07/2b/29fd75ce45d22a39c61aad74f3d718e7ab67ccf839ca8b60866054eb15f8/numpy-2.3.5-cp314-cp314-win_arm64.whl", hash = "sha256:aeffcab3d4b43712bb7a60b65f6044d444e75e563ff6180af8f98dd4b905dfd2", size = 10476651, upload-time = "2025-11-16T22:51:47.749Z" },
    { url = "https://files.pythonhosted.org/packages/17/e1/f6a721234ebd4d87084cfa68d081bcba2f5cfe1974f7de4e0e8b9b2a2ba1/numpy-2.3.5-cp314-cp314t-macosx_10_15_x86_64.whl", hash = "sha256:17531366a2e3a9e30762c000f2c43a9aaa05728712e25c11ce1dbe700c53ad41", size = 16834503, upload-time = "2025-11-16T22:51:50.443Z" },
    { url = "https://files.pythonhosted.org/packages/5c/1c/baf7ffdc3af9c356e1c135e57ab7cf8d247931b9554f55c467efe2c69eff/numpy-2.3.5-cp314-cp314t-macosx_11_0_arm64.whl", hash = "sha256:d21644de1b609825ede2f48be98dfde4656aefc713654eeee280e37cadc4e0ad", size = 12381612, upload-time = "2025-11-16T22:51:53.609Z" },
    { url = "https://files.pythonhosted.org/packages/74/91/f7f0295151407ddc9ba34e699013c32c3c91944f9b35fcf9281163dc1468/numpy-2.3.5-cp314-cp314t-macosx_14_0_arm64.whl", hash = "sha256:c804e3a5aba5460c73955c955bdbd5c08c354954e9270a2c1565f62e866bdc39", size = 5210042, upload-time = "2025-11-16T22:51:56.213Z" },
    { url = "https://files.pythonhosted.org/packages/2e/3b/78aebf345104ec50dd50a4d06ddeb46a9ff5261c33bcc58b1c4f12f85ec2/numpy-2.3.5-cp314-cp314t-macosx_14_0_x86_64.whl", hash = "sha256:cc0a57f895b96ec78969c34f682c602bf8da1a0270b09bc65673df2e7638ec20", size = 6724502, upload-time = "2025-11-16T22:51:58.584Z" },
    { url = "https://files.pythonhosted.org/packages/02/c6/7c34b528740512e57ef1b7c8337ab0b4f0bddf34c723b8996c675bc2bc91/numpy-2.3.5-cp314-cp314t-manylinux_2_27_aarch64.manylinux_2_28_aarch64.whl", hash = "sha256:900218e456384ea676e24ea6a0417f030a3b07306d29d7ad843957b40a9d8d52", size = 14308962, upload-time = "2025-11-16T22:52:01.698Z" },
    { url = "https://files.pythonhosted.org/packages/80/35/09d433c5262bc32d725bafc619e095b6a6651caf94027a03da624146f655/numpy-2.3.5-cp314-cp314t-manylinux_2_27_x86_64.manylinux_2_28_x86_64.whl", hash = "sha256:09a1bea522b25109bf8e6f3027bd810f7c1085c64a0c7ce050c1676ad0ba010b", size = 16655054, upload-time = "2025-11-16T22:52:04.267Z" },
    { url = "https://files.pythonhosted.org/packages/7a/ab/6a7b259703c09a88804fa2430b43d6457b692378f6b74b356155283566ac/numpy-2.3.5-cp314-cp314t-musllinux_1_2_aarch64.whl", hash = "sha256:04822c00b5fd0323c8166d66c701dc31b7fbd252c100acd708c48f763968d6a3", size = 16091613, upload-time = "2025-11-16T22:52:08.651Z" },
    { url = "https://files.pythonhosted.org/packages/c2/88/330da2071e8771e60d1038166ff9d73f29da37b01ec3eb43cb1427464e10/numpy-2.3.5-cp314-cp314t-musllinux_1_2_x86_64.whl", hash = "sha256:d6889ec4ec662a1a37eb4b4fb26b6100841804dac55bd9df579e326cdc146227", size = 18591147, upload-time = "2025-11-16T22:52:11.453Z" },
    { url = "https://files.pythonhosted.org/packages/51/41/851c4b4082402d9ea860c3626db5d5df47164a712cb23b54be028b184c1c/numpy-2.3.5-cp314-cp314t-win32.whl", hash = "sha256:93eebbcf1aafdf7e2ddd44c2923e2672e1010bddc014138b229e49725b4d6be5", size = 6479806, upload-time = "2025-11-16T22:52:14.641Z" },
    { url = "https://files.pythonhosted.org/packages/90/30/d48bde1dfd93332fa557cff1972fbc039e055a52021fbef4c2c4b1eefd17/numpy-2.3.5-cp314-cp314t-win_amd64.whl", hash = "sha256:c8a9958e88b65c3b27e22ca2a076311636850b612d6bbfb76e8d156aacde2aaf", size = 13105760, upload-time = "2025-11-16T22:52:17.975Z" },
    { url = "https://files.pythonhosted.org/packages/2d/fd/4b5eb0b3e888d86aee4d198c23acec7d214baaf17ea93c1adec94c9518b9/numpy-2.3.5-cp314-cp314t-win_arm64.whl", hash = "sha256:6203fdf9f3dc5bdaed7319ad8698e685c7a3be10819f41d32a0723e611733b42", size = 10545459, upload-time = "2025-11-16T22:52:20.55Z" },
]

[[package]]
name = "packaging"
version = "25.0"
source = { registry = "https://pypi.org/simple" }
sdist = { url = "https://files.pythonhosted.org/packages/a1/d4/1fc4078c65507b51b96ca8f8c3ba19e6a61c8253c72794544580a7b6c24d/packaging-25.0.tar.gz", hash = "sha256:d443872c98d677bf60f6a1f2f8c1cb748e8fe762d2bf9d3148b5599295b0fc4f", size = 165727, upload-time = "2025-04-19T11:48:59.673Z" }
wheels = [
    { url = "https://files.pythonhosted.org/packages/20/12/38679034af332785aac8774540895e234f4d07f7545804097de4b666afd8/packaging-25.0-py3-none-any.whl", hash = "sha256:29572ef2b1f17581046b3a2227d5c611fb25ec70ca1ba8554b24b0e69331a484", size = 66469, upload-time = "2025-04-19T11:48:57.875Z" },
]

[[package]]
name = "pandas"
version = "2.3.3"
source = { registry = "https://pypi.org/simple" }
dependencies = [
    { name = "numpy" },
    { name = "python-dateutil" },
    { name = "pytz" },
    { name = "tzdata" },
]
sdist = { url = "https://files.pythonhosted.org/packages/33/01/d40b85317f86cf08d853a4f495195c73815fdf205eef3993821720274518/pandas-2.3.3.tar.gz", hash = "sha256:e05e1af93b977f7eafa636d043f9f94c7ee3ac81af99c13508215942e64c993b", size = 4495223, upload-time = "2025-09-29T23:34:51.853Z" }
wheels = [
    { url = "https://files.pythonhosted.org/packages/04/fd/74903979833db8390b73b3a8a7d30d146d710bd32703724dd9083950386f/pandas-2.3.3-cp314-cp314-macosx_10_13_x86_64.whl", hash = "sha256:ee15f284898e7b246df8087fc82b87b01686f98ee67d85a17b7ab44143a3a9a0", size = 11540635, upload-time = "2025-09-29T23:25:52.486Z" },
    { url = "https://files.pythonhosted.org/packages/21/00/266d6b357ad5e6d3ad55093a7e8efc7dd245f5a842b584db9f30b0f0a287/pandas-2.3.3-cp314-cp314-macosx_11_0_arm64.whl", hash = "sha256:1611aedd912e1ff81ff41c745822980c49ce4a7907537be8692c8dbc31924593", size = 10759079, upload-time = "2025-09-29T23:26:33.204Z" },
    { url = "https://files.pythonhosted.org/packages/ca/05/d01ef80a7a3a12b2f8bbf16daba1e17c98a2f039cbc8e2f77a2c5a63d382/pandas-2.3.3-cp314-cp314-manylinux_2_24_aarch64.manylinux_2_28_aarch64.whl", hash = "sha256:6d2cefc361461662ac48810cb14365a365ce864afe85ef1f447ff5a1e99ea81c", size = 11814049, upload-time = "2025-09-29T23:27:15.384Z" },
    { url = "https://files.pythonhosted.org/packages/15/b2/0e62f78c0c5ba7e3d2c5945a82456f4fac76c480940f805e0b97fcbc2f65/pandas-2.3.3-cp314-cp314-manylinux_2_24_x86_64.manylinux_2_28_x86_64.whl", hash = "sha256:ee67acbbf05014ea6c763beb097e03cd629961c8a632075eeb34247120abcb4b", size = 12332638, upload-time = "2025-09-29T23:27:51.625Z" },
    { url = "https://files.pythonhosted.org/packages/c5/33/dd70400631b62b9b29c3c93d2feee1d0964dc2bae2e5ad7a6c73a7f25325/pandas-2.3.3-cp314-cp314-musllinux_1_2_aarch64.whl", hash = "sha256:c46467899aaa4da076d5abc11084634e2d197e9460643dd455ac3db5856b24d6", size = 12886834, upload-time = "2025-09-29T23:28:21.289Z" },
    { url = "https://files.pythonhosted.org/packages/d3/18/b5d48f55821228d0d2692b34fd5034bb185e854bdb592e9c640f6290e012/pandas-2.3.3-cp314-cp314-musllinux_1_2_x86_64.whl", hash = "sha256:6253c72c6a1d990a410bc7de641d34053364ef8bcd3126f7e7450125887dffe3", size = 13409925, upload-time = "2025-09-29T23:28:58.261Z" },
    { url = "https://files.pythonhosted.org/packages/a6/3d/124ac75fcd0ecc09b8fdccb0246ef65e35b012030defb0e0eba2cbbbe948/pandas-2.3.3-cp314-cp314-win_amd64.whl", hash = "sha256:1b07204a219b3b7350abaae088f451860223a52cfb8a6c53358e7948735158e5", size = 11109071, upload-time = "2025-09-29T23:32:27.484Z" },
    { url = "https://files.pythonhosted.org/packages/89/9c/0e21c895c38a157e0faa1fb64587a9226d6dd46452cac4532d80c3c4a244/pandas-2.3.3-cp314-cp314t-macosx_10_13_x86_64.whl", hash = "sha256:2462b1a365b6109d275250baaae7b760fd25c726aaca0054649286bcfbb3e8ec", size = 12048504, upload-time = "2025-09-29T23:29:31.47Z" },
    { url = "https://files.pythonhosted.org/packages/d7/82/b69a1c95df796858777b68fbe6a81d37443a33319761d7c652ce77797475/pandas-2.3.3-cp314-cp314t-macosx_11_0_arm64.whl", hash = "sha256:0242fe9a49aa8b4d78a4fa03acb397a58833ef6199e9aa40a95f027bb3a1b6e7", size = 11410702, upload-time = "2025-09-29T23:29:54.591Z" },
    { url = "https://files.pythonhosted.org/packages/f9/88/702bde3ba0a94b8c73a0181e05144b10f13f29ebfc2150c3a79062a8195d/pandas-2.3.3-cp314-cp314t-manylinux_2_24_aarch64.manylinux_2_28_aarch64.whl", hash = "sha256:a21d830e78df0a515db2b3d2f5570610f5e6bd2e27749770e8bb7b524b89b450", size = 11634535, upload-time = "2025-09-29T23:30:21.003Z" },
    { url = "https://files.pythonhosted.org/packages/a4/1e/1bac1a839d12e6a82ec6cb40cda2edde64a2013a66963293696bbf31fbbb/pandas-2.3.3-cp314-cp314t-manylinux_2_24_x86_64.manylinux_2_28_x86_64.whl", hash = "sha256:2e3ebdb170b5ef78f19bfb71b0dc5dc58775032361fa188e814959b74d726dd5", size = 12121582, upload-time = "2025-09-29T23:30:43.391Z" },
    { url = "https://files.pythonhosted.org/packages/44/91/483de934193e12a3b1d6ae7c8645d083ff88dec75f46e827562f1e4b4da6/pandas-2.3.3-cp314-cp314t-musllinux_1_2_aarch64.whl", hash = "sha256:d051c0e065b94b7a3cea50eb1ec32e912cd96dba41647eb24104b6c6c14c5788", size = 12699963, upload-time = "2025-09-29T23:31:10.009Z" },
    { url = "https://files.pythonhosted.org/packages/70/44/5191d2e4026f86a2a109053e194d3ba7a31a2d10a9c2348368c63ed4e85a/pandas-2.3.3-cp314-cp314t-musllinux_1_2_x86_64.whl", hash = "sha256:3869faf4bd07b3b66a9f462417d0ca3a9df29a9f6abd5d0d0dbab15dac7abe87", size = 13202175, upload-time = "2025-09-29T23:31:59.173Z" },
]

[[package]]
name = "plotly"
version = "6.5.2"
source = { registry = "https://pypi.org/simple" }
dependencies = [
    { name = "narwhals" },
    { name = "packaging" },
]
sdist = { url = "https://files.pythonhosted.org/packages/e3/4f/8a10a9b9f5192cb6fdef62f1d77fa7d834190b2c50c0cd256bd62879212b/plotly-6.5.2.tar.gz", hash = "sha256:7478555be0198562d1435dee4c308268187553cc15516a2f4dd034453699e393", size = 7015695, upload-time = "2026-01-14T21:26:51.222Z" }
wheels = [
    { url = "https://files.pythonhosted.org/packages/8a/67/f95b5460f127840310d2187f916cf0023b5875c0717fdf893f71e1325e87/plotly-6.5.2-py3-none-any.whl", hash = "sha256:91757653bd9c550eeea2fa2404dba6b85d1e366d54804c340b2c874e5a7eb4a4", size = 9895973, upload-time = "2026-01-14T21:26:47.135Z" },
]

[[package]]
name = "pluggy"
version = "1.6.0"
source = { registry = "https://pypi.org/simple" }
sdist = { url = "https://files.pythonhosted.org/packages/f9/e2/3e91f31a7d2b083fe6ef3fa267035b518369d9511ffab804f839851d2779/pluggy-1.6.0.tar.gz", hash = "sha256:7dcc130b76258d33b90f61b658791dede3486c3e6bfb003ee5c9bfb396dd22f3", size = 69412, upload-time = "2025-05-15T12:30:07.975Z" }
wheels = [
    { url = "https://files.pythonhosted.org/packages/54/20/4d324d65cc6d9205fabedc306948156824eb9f0ee1633355a8f7ec5c66bf/pluggy-1.6.0-py3-none-any.whl", hash = "sha256:e920276dd6813095e9377c0bc5566d94c932c33b27a3e3945d8389c374dd4746", size = 20538, upload-time = "2025-05-15T12:30:06.134Z" },
]

[[package]]
name = "pygments"
version = "2.19.2"
source = { registry = "https://pypi.org/simple" }
sdist = { url = "https://files.pythonhosted.org/packages/b0/77/a5b8c569bf593b0140bde72ea885a803b82086995367bf2037de0159d924/pygments-2.19.2.tar.gz", hash = "sha256:636cb2477cec7f8952536970bc533bc43743542f70392ae026374600add5b887", size = 4968631, upload-time = "2025-06-21T13:39:12.283Z" }
wheels = [
    { url = "https://files.pythonhosted.org/packages/c7/21/705964c7812476f378728bdf590ca4b771ec72385c533964653c68e86bdc/pygments-2.19.2-py3-none-any.whl", hash = "sha256:86540386c03d588bb81d44bc3928634ff26449851e99741617ecb9037ee5ec0b", size = 1225217, upload-time = "2025-06-21T13:39:07.939Z" },
]

[[package]]
name = "pytest"
version = "9.0.2"
source = { registry = "https://pypi.org/simple" }
dependencies = [
    { name = "colorama", marker = "sys_platform == 'win32'" },
    { name = "iniconfig" },
    { name = "packaging" },
    { name = "pluggy" },
    { name = "pygments" },
]
sdist = { url = "https://files.pythonhosted.org/packages/d1/db/7ef3487e0fb0049ddb5ce41d3a49c235bf9ad299b6a25d5780a89f19230f/pytest-9.0.2.tar.gz", hash = "sha256:75186651a92bd89611d1d9fc20f0b4345fd827c41ccd5c299a868a05d70edf11", size = 1568901, upload-time = "2025-12-06T21:30:51.014Z" }
wheels = [
    { url = "https://files.pythonhosted.org/packages/3b/ab/b3226f0bd7cdcf710fbede2b3548584366da3b19b5021e74f5bde2a8fa3f/pytest-9.0.2-py3-none-any.whl", hash = "sha256:711ffd45bf766d5264d487b917733b453d917afd2b0ad65223959f59089f875b", size = 374801, upload-time = "2025-12-06T21:30:49.154Z" },
]

[[package]]
name = "python-dateutil"
version = "2.9.0.post0"
source = { registry = "https://pypi.org/simple" }
dependencies = [
    { name = "six" },
]
sdist = { url = "https://files.pythonhosted.org/packages/66/c0/0c8b6ad9f17a802ee498c46e004a0eb49bc148f2fd230864601a86dcf6db/python-dateutil-2.9.0.post0.tar.gz", hash = "sha256:37dd54208da7e1cd875388217d5e00ebd4179249f90fb72437e91a35459a0ad3", size = 342432, upload-time = "2024-03-01T18:36:20.211Z" }
wheels = [
    { url = "https://files.pythonhosted.org/packages/ec/57/56b9bcc3c9c6a792fcbaf139543cee77261f3651ca9da0c93f5c1221264b/python_dateutil-2.9.0.post0-py2.py3-none-any.whl", hash = "sha256:a8b2bc7bffae282281c8140a97d3aa9c14da0b136dfe83f850eea9a5f7470427", size = 229892, upload-time = "2024-03-01T18:36:18.57Z" },
]

[[package]]
name = "pytz"
version = "2025.2"
source = { registry = "https://pypi.org/simple" }
sdist = { url = "https://files.pythonhosted.org/packages/f8/bf/abbd3cdfb8fbc7fb3d4d38d320f2441b1e7cbe29be4f23797b4a2b5d8aac/pytz-2025.2.tar.gz", hash = "sha256:360b9e3dbb49a209c21ad61809c7fb453643e048b38924c765813546746e81c3", size = 320884, upload-time = "2025-03-25T02:25:00.538Z" }
wheels = [
    { url = "https://files.pythonhosted.org/packages/81/c4/34e93fe5f5429d7570ec1fa436f1986fb1f00c3e0f43a589fe2bbcd22c3f/pytz-2025.2-py2.py3-none-any.whl", hash = "sha256:5ddf76296dd8c44c26eb8f4b6f35488f3ccbf6fbbd7adee0b7262d43f0ec2f00", size = 509225, upload-time = "2025-03-25T02:24:58.468Z" },
]

[[package]]
name = "rich"
version = "14.2.0"
source = { registry = "https://pypi.org/simple" }
dependencies = [
    { name = "markdown-it-py" },
    { name = "pygments" },
]
sdist = { url = "https://files.pythonhosted.org/packages/fb/d2/8920e102050a0de7bfabeb4c4614a49248cf8d5d7a8d01885fbb24dc767a/rich-14.2.0.tar.gz", hash = "sha256:73ff50c7c0c1c77c8243079283f4edb376f0f6442433aecb8ce7e6d0b92d1fe4", size = 219990, upload-time = "2025-10-09T14:16:53.064Z" }
wheels = [
    { url = "https://files.pythonhosted.org/packages/25/7a/b0178788f8dc6cafce37a212c99565fa1fe7872c70c6c9c1e1a372d9d88f/rich-14.2.0-py3-none-any.whl", hash = "sha256:76bc51fe2e57d2b1be1f96c524b890b816e334ab4c1e45888799bfaab0021edd", size = 243393, upload-time = "2025-10-09T14:16:51.245Z" },
]

[[package]]
name = "ruff"
version = "0.14.12"
source = { registry = "https://pypi.org/simple" }
sdist = { url = "https://files.pythonhosted.org/packages/85/81/5fd87d61352fb0f86b4436f278fe19b3770a8b73d42e8b3405d28df6b759/ruff-0.14.12.tar.gz", hash = "sha256:276b0821947f2afff8ee6da282bade96459d2e29f5a203eef04eb7b7a85b119f", size = 6055422, upload-time = "2026-01-15T16:22:12.371Z" }
wheels = [
    { url = "https://files.pythonhosted.org/packages/e4/de/58c5e3b4e6be8d0e007856128be59688cd4025a5345693dd169d61df8eb2/ruff-0.14.12-py3-none-linux_armv6l.whl", hash = "sha256:59434a99f0af57111f62cd77e86b4d4896a2c72bb90cc039d1ac501b151b798b", size = 13046871, upload-time = "2026-01-15T16:21:53.033Z" },
    { url = "https://files.pythonhosted.org/packages/dd/b3/d9710419b6aed406a41c7eb215d604a55d2137f2a60e24d0939dae081b1b/ruff-0.14.12-py3-none-macosx_10_12_x86_64.whl", hash = "sha256:a5912e8270c6b9ed28ae50b993032d195046293fefa56127a8dffbaa5e5bfc04", size = 13433477, upload-time = "2026-01-15T16:21:40.401Z" },
    { url = "https://files.pythonhosted.org/packages/da/4f/25cfc2c4b9fa22c90038bdd966e8e3aea92826790e5350f537f7b3f84609/ruff-0.14.12-py3-none-macosx_11_0_arm64.whl", hash = "sha256:5f59c587a413c9bd3259ec2d006853671f823ac4b4f974653bbcc84c180271de", size = 12356766, upload-time = "2026-01-15T16:21:42.853Z" },
    { url = "https://files.pythonhosted.org/packages/dd/5d/8da8aaca205ad94c87848e5f67b2cd014c022a76ea485ef9f1004ebc5118/ruff-0.14.12-py3-none-manylinux_2_17_aarch64.manylinux2014_aarch64.whl", hash = "sha256:bd31832569b06c75fdbf6f5f63a3458b7038d97f6e908b6e08fd02d00c20a3ae", size = 12771650, upload-time = "2026-01-15T16:22:00.387Z" },
    { url = "https://files.pythonhosted.org/packages/78/cc/75bc23144392ed21cd3413baf2476b9cd48eb056d87080530a1fe748108e/ruff-0.14.12-py3-none-manylinux_2_17_armv7l.manylinux2014_armv7l.whl", hash = "sha256:cc1ba7b0d74d14b75c3a9d7e7ca01040bd126bd6bde2cffe3c31c1defe649ec6", size = 12820601, upload-time = "2026-01-15T16:21:55.76Z" },
    { url = "https://files.pythonhosted.org/packages/fb/1b/66d03158d2c477da458d9ea22feed4d40609d596dd6fa10bf158039ce8f8/ruff-0.14.12-py3-none-manylinux_2_17_i686.manylinux2014_i686.whl", hash = "sha256:c1a90feecc2e44c01737d9d879ba6fc84b5626a7bd31e81991443198596ebe22", size = 13671644, upload-time = "2026-01-15T16:22:17.561Z" },
    { url = "https://files.pythonhosted.org/packages/22/df/0fa8920f4f1ca00d48a6f9b0b2310c426f4fcc943967af2d2723f7476d04/ruff-0.14.12-py3-none-manylinux_2_17_ppc64.manylinux2014_ppc64.whl", hash = "sha256:b4c3478b459b71940f49d4dac1f91efa3852bb566368ad9f94dae2c257b6e63e", size = 15147221, upload-time = "2026-01-15T16:21:32.998Z" },
    { url = "https://files.pythonhosted.org/packages/54/9a/64365c7be12c51100f4159d15a8b818e4ffdb6aa592080932aa954a59cbd/ruff-0.14.12-py3-none-manylinux_2_17_ppc64le.manylinux2014_ppc64le.whl", hash = "sha256:c14202522c2887e6644308827e72a6a0561fa965854e42ef14b325fa617c2634", size = 14709017, upload-time = "2026-01-15T16:22:02.69Z" },
    { url = "https://files.pythonhosted.org/packages/a7/58/2696c48a5ac88e9716a25048895f450772ce2f3e4cb37d67efc1e11da884/ruff-0.14.12-py3-none-manylinux_2_17_s390x.manylinux2014_s390x.whl", hash = "sha256:2e15471064058c5f22ad17aec4cab3920f71bf6b2dd8e1c8cfb05e8e9ee6d9d6", size = 14133819, upload-time = "2026-01-15T16:21:58.031Z" },
    { url = "https://files.pythonhosted.org/packages/74/81/ce6aea2dcb40cba3d865f4fda5b5058ddc7786002d5f8413e6bc542ed665/ruff-0.14.12-py3-none-manylinux_2_17_x86_64.manylinux2014_x86_64.whl", hash = "sha256:697c2e00f00cb1027b91fc8930e276bed580b2976a3e4aca50eae2b3db291f92", size = 13849027, upload-time = "2026-01-15T16:21:50.801Z" },
    { url = "https://files.pythonhosted.org/packages/db/42/402928ed9a377f15abea9331bc77315f1c83ecffa6477251cb435df674bb/ruff-0.14.12-py3-none-manylinux_2_31_riscv64.whl", hash = "sha256:0864023ac5b2c90af354372529926b4fce4980bff828b722bedf115a0677131b", size = 14030353, upload-time = "2026-01-15T16:22:04.835Z" },
    { url = "https://files.pythonhosted.org/packages/02/1a/bc4ee626929034fa1f0d97f03edf334bfdc947cc2609baed7529a4adb352/ruff-0.14.12-py3-none-musllinux_1_2_aarch64.whl", hash = "sha256:6372d9e07c0e61342582b29ba825c0712930c08ee72312d1764abfe761de2806", size = 12666546, upload-time = "2026-01-15T16:22:07.392Z" },
    { url = "https://files.pythonhosted.org/packages/f2/3f/e00efbf5ecf9279b06fcc26821178c46d89b402facdf9b7974b2a76f1da0/ruff-0.14.12-py3-none-musllinux_1_2_armv7l.whl", hash = "sha256:c59c4941400a86c60219fd1457012e6da23a92590755ab4ed1ae25bbe4aab948", size = 12802512, upload-time = "2026-01-15T16:21:48.13Z" },
    { url = "https://files.pythonhosted.org/packages/6f/05/610b462fc211eb877457ee08062af50c56d924849038ec1e6005d6e50791/ruff-0.14.12-py3-none-musllinux_1_2_i686.whl", hash = "sha256:65ce54567c42e3a6d2548b49b8e4e87148eaf455ad76d7a20f83c902bc7cc5e4", size = 13205003, upload-time = "2026-01-15T16:21:37.904Z" },
    { url = "https://files.pythonhosted.org/packages/43/87/68fb2335cf969f3b5a7808265e6998cc735bce9a8efc57f6a3c1c167b3bb/ruff-0.14.12-py3-none-musllinux_1_2_x86_64.whl", hash = "sha256:28255d5a1828bc1da67c8c5a2cea5c83de6f0b6185eef46f4fc12957396fb169", size = 13925981, upload-time = "2026-01-15T16:21:45.453Z" },
    { url = "https://files.pythonhosted.org/packages/cc/a7/2f02a56b457c7cf568778fbbc2302ce6aa00bd20f9dd6149329a376a6964/ruff-0.14.12-py3-none-win32.whl", hash = "sha256:a111f79ba789257177fe5971eea061c8545af3c0cab3529fa00155f6621c68da", size = 12897262, upload-time = "2026-01-15T16:22:15Z" },
    { url = "https://files.pythonhosted.org/packages/8b/fd/86c2309a254b4e0982b3423504614d9f05b077961167a31bdb5b533be8a9/ruff-0.14.12-py3-none-win_amd64.whl", hash = "sha256:8da366e9942b26ac1fb0df43264a3550655160b9536cdb66a2b070a22b6e5d6a", size = 14105034, upload-time = "2026-01-15T16:22:10.139Z" },
    { url = "https://files.pythonhosted.org/packages/5c/0a/8f0d458479113587b1dfd3fabedfd3f1df4653801273993b1f4dc31a935f/ruff-0.14.12-py3-none-win_arm64.whl", hash = "sha256:f0672b72872dc204580d2d3f8bdc4e922c88a0f93e2a3fb799ca085797a5a7c4", size = 13064991, upload-time = "2026-01-15T16:21:35.436Z" },
]

[[package]]
name = "scipy"
version = "1.17.0"
source = { registry = "https://pypi.org/simple" }
dependencies = [
    { name = "numpy" },
]
sdist = { url = "https://files.pythonhosted.org/packages/56/3e/9cca699f3486ce6bc12ff46dc2031f1ec8eb9ccc9a320fdaf925f1417426/scipy-1.17.0.tar.gz", hash = "sha256:2591060c8e648d8b96439e111ac41fd8342fdeff1876be2e19dea3fe8930454e", size = 30396830, upload-time = "2026-01-10T21:34:23.009Z" }
wheels = [
    { url = "https://files.pythonhosted.org/packages/1a/2d/51006cd369b8e7879e1c630999a19d1fbf6f8b5ed3e33374f29dc87e53b3/scipy-1.17.0-cp314-cp314-macosx_10_14_x86_64.whl", hash = "sha256:c17514d11b78be8f7e6331b983a65a7f5ca1fd037b95e27b280921fe5606286a", size = 31346803, upload-time = "2026-01-10T21:28:57.24Z" },
    { url = "https://files.pythonhosted.org/packages/d6/2e/2349458c3ce445f53a6c93d4386b1c4c5c0c540917304c01222ff95ff317/scipy-1.17.0-cp314-cp314-macosx_12_0_arm64.whl", hash = "sha256:4e00562e519c09da34c31685f6acc3aa384d4d50604db0f245c14e1b4488bfa2", size = 27967182, upload-time = "2026-01-10T21:29:04.107Z" },
    { url = "https://files.pythonhosted.org/packages/5e/7c/df525fbfa77b878d1cfe625249529514dc02f4fd5f45f0f6295676a76528/scipy-1.17.0-cp314-cp314-macosx_14_0_arm64.whl", hash = "sha256:f7df7941d71314e60a481e02d5ebcb3f0185b8d799c70d03d8258f6c80f3d467", size = 20139125, upload-time = "2026-01-10T21:29:10.179Z" },
    { url = "https://files.pythonhosted.org/packages/33/11/fcf9d43a7ed1234d31765ec643b0515a85a30b58eddccc5d5a4d12b5f194/scipy-1.17.0-cp314-cp314-macosx_14_0_x86_64.whl", hash = "sha256:aabf057c632798832f071a8dde013c2e26284043934f53b00489f1773b33527e", size = 22443554, upload-time = "2026-01-10T21:29:15.888Z" },
    { url = "https://files.pythonhosted.org/packages/80/5c/ea5d239cda2dd3d31399424967a24d556cf409fbea7b5b21412b0fd0a44f/scipy-1.17.0-cp314-cp314-manylinux_2_27_aarch64.manylinux_2_28_aarch64.whl", hash = "sha256:a38c3337e00be6fd8a95b4ed66b5d988bac4ec888fd922c2ea9fe5fb1603dd67", size = 32757834, upload-time = "2026-01-10T21:29:23.406Z" },
    { url = "https://files.pythonhosted.org/packages/b8/7e/8c917cc573310e5dc91cbeead76f1b600d3fb17cf0969db02c9cf92e3cfa/scipy-1.17.0-cp314-cp314-manylinux_2_27_x86_64.manylinux_2_28_x86_64.whl", hash = "sha256:00fb5f8ec8398ad90215008d8b6009c9db9fa924fd4c7d6be307c6f945f9cd73", size = 34995775, upload-time = "2026-01-10T21:29:31.915Z" },
    { url = "https://files.pythonhosted.org/packages/c5/43/176c0c3c07b3f7df324e7cdd933d3e2c4898ca202b090bd5ba122f9fe270/scipy-1.17.0-cp314-cp314-musllinux_1_2_aarch64.whl", hash = "sha256:f2a4942b0f5f7c23c7cd641a0ca1955e2ae83dedcff537e3a0259096635e186b", size = 34841240, upload-time = "2026-01-10T21:29:39.995Z" },
    { url = "https://files.pythonhosted.org/packages/44/8c/d1f5f4b491160592e7f084d997de53a8e896a3ac01cd07e59f43ca222744/scipy-1.17.0-cp314-cp314-musllinux_1_2_x86_64.whl", hash = "sha256:dbf133ced83889583156566d2bdf7a07ff89228fe0c0cb727f777de92092ec6b", size = 37394463, upload-time = "2026-01-10T21:29:48.723Z" },
    { url = "https://files.pythonhosted.org/packages/9f/ec/42a6657f8d2d087e750e9a5dde0b481fd135657f09eaf1cf5688bb23c338/scipy-1.17.0-cp314-cp314-win_amd64.whl", hash = "sha256:3625c631a7acd7cfd929e4e31d2582cf00f42fcf06011f59281271746d77e061", size = 37053015, upload-time = "2026-01-10T21:30:51.418Z" },
    { url = "https://files.pythonhosted.org/packages/27/58/6b89a6afd132787d89a362d443a7bddd511b8f41336a1ae47f9e4f000dc4/scipy-1.17.0-cp314-cp314-win_arm64.whl", hash = "sha256:9244608d27eafe02b20558523ba57f15c689357c85bdcfe920b1828750aa26eb", size = 24951312, upload-time = "2026-01-10T21:30:56.771Z" },
    { url = "https://files.pythonhosted.org/packages/e9/01/f58916b9d9ae0112b86d7c3b10b9e685625ce6e8248df139d0fcb17f7397/scipy-1.17.0-cp314-cp314t-macosx_10_14_x86_64.whl", hash = "sha256:2b531f57e09c946f56ad0b4a3b2abee778789097871fc541e267d2eca081cff1", size = 31706502, upload-time = "2026-01-10T21:29:56.326Z" },
    { url = "https://files.pythonhosted.org/packages/59/8e/2912a87f94a7d1f8b38aabc0faf74b82d3b6c9e22be991c49979f0eceed8/scipy-1.17.0-cp314-cp314t-macosx_12_0_arm64.whl", hash = "sha256:13e861634a2c480bd237deb69333ac79ea1941b94568d4b0efa5db5e263d4fd1", size = 28380854, upload-time = "2026-01-10T21:30:01.554Z" },
    { url = "https://files.pythonhosted.org/packages/bd/1c/874137a52dddab7d5d595c1887089a2125d27d0601fce8c0026a24a92a0b/scipy-1.17.0-cp314-cp314t-macosx_14_0_arm64.whl", hash = "sha256:eb2651271135154aa24f6481cbae5cc8af1f0dd46e6533fb7b56aa9727b6a232", size = 20552752, upload-time = "2026-01-10T21:30:05.93Z" },
    { url = "https://files.pythonhosted.org/packages/3f/f0/7518d171cb735f6400f4576cf70f756d5b419a07fe1867da34e2c2c9c11b/scipy-1.17.0-cp314-cp314t-macosx_14_0_x86_64.whl", hash = "sha256:c5e8647f60679790c2f5c76be17e2e9247dc6b98ad0d3b065861e082c56e078d", size = 22803972, upload-time = "2026-01-10T21:30:10.651Z" },
    { url = "https://files.pythonhosted.org/packages/7c/74/3498563a2c619e8a3ebb4d75457486c249b19b5b04a30600dfd9af06bea5/scipy-1.17.0-cp314-cp314t-manylinux_2_27_aarch64.manylinux_2_28_aarch64.whl", hash = "sha256:5fb10d17e649e1446410895639f3385fd2bf4c3c7dfc9bea937bddcbc3d7b9ba", size = 32829770, upload-time = "2026-01-10T21:30:16.359Z" },
    { url = "https://files.pythonhosted.org/packages/48/d1/7b50cedd8c6c9d6f706b4b36fa8544d829c712a75e370f763b318e9638c1/scipy-1.17.0-cp314-cp314t-manylinux_2_27_x86_64.manylinux_2_28_x86_64.whl", hash = "sha256:8547e7c57f932e7354a2319fab613981cde910631979f74c9b542bb167a8b9db", size = 35051093, upload-time = "2026-01-10T21:30:22.987Z" },
    { url = "https://files.pythonhosted.org/packages/e2/82/a2d684dfddb87ba1b3ea325df7c3293496ee9accb3a19abe9429bce94755/scipy-1.17.0-cp314-cp314t-musllinux_1_2_aarch64.whl", hash = "sha256:33af70d040e8af9d5e7a38b5ed3b772adddd281e3062ff23fec49e49681c38cf", size = 34909905, upload-time = "2026-01-10T21:30:28.704Z" },
    { url = "https://files.pythonhosted.org/packages/ef/5e/e565bd73991d42023eb82bb99e51c5b3d9e2c588ca9d4b3e2cc1d3ca62a6/scipy-1.17.0-cp314-cp314t-musllinux_1_2_x86_64.whl", hash = "sha256:f9eb55bb97d00f8b7ab95cb64f873eb0bf54d9446264d9f3609130381233483f", size = 37457743, upload-time = "2026-01-10T21:30:34.819Z" },
    { url = "https://files.pythonhosted.org/packages/58/a8/a66a75c3d8f1fb2b83f66007d6455a06a6f6cf5618c3dc35bc9b69dd096e/scipy-1.17.0-cp314-cp314t-win_amd64.whl", hash = "sha256:1ff269abf702f6c7e67a4b7aad981d42871a11b9dd83c58d2d2ea624efbd1088", size = 37098574, upload-time = "2026-01-10T21:30:40.782Z" },
    { url = "https://files.pythonhosted.org/packages/56/a5/df8f46ef7da168f1bc52cd86e09a9de5c6f19cc1da04454d51b7d4f43408/scipy-1.17.0-cp314-cp314t-win_arm64.whl", hash = "sha256:031121914e295d9791319a1875444d55079885bbae5bdc9c5e0f2ee5f09d34ff", size = 25246266, upload-time = "2026-01-10T21:30:45.923Z" },
]

[[package]]
name = "six"
version = "1.17.0"
source = { registry = "https://pypi.org/simple" }
sdist = { url = "https://files.pythonhosted.org/packages/94/e7/b2c673351809dca68a0e064b6af791aa332cf192da575fd474ed7d6f16a2/six-1.17.0.tar.gz", hash = "sha256:ff70335d468e7eb6ec65b95b99d3a2836546063f63acc5171de367e834932a81", size = 34031, upload-time = "2024-12-04T17:35:28.174Z" }
wheels = [
    { url = "https://files.pythonhosted.org/packages/b7/ce/149a00dd41f10bc29e5921b496af8b574d8413afcd5e30dfa0ed46c2cc5e/six-1.17.0-py2.py3-none-any.whl", hash = "sha256:4721f391ed90541fddacab5acf947aa0d3dc7d27b2e1e8eda2be8970586c3274", size = 11050, upload-time = "2024-12-04T17:35:26.475Z" },
]

[[package]]
name = "tzdata"
version = "2025.3"
source = { registry = "https://pypi.org/simple" }
sdist = { url = "https://files.pythonhosted.org/packages/5e/a7/c202b344c5ca7daf398f3b8a477eeb205cf3b6f32e7ec3a6bac0629ca975/tzdata-2025.3.tar.gz", hash = "sha256:de39c2ca5dc7b0344f2eba86f49d614019d29f060fc4ebc8a417896a620b56a7", size = 196772, upload-time = "2025-12-13T17:45:35.667Z" }
wheels = [
    { url = "https://files.pythonhosted.org/packages/c7/b0/003792df09decd6849a5e39c28b513c06e84436a54440380862b5aeff25d/tzdata-2025.3-py2.py3-none-any.whl", hash = "sha256:06a47e5700f3081aab02b2e513160914ff0694bce9947d6b76ebd6bf57cfc5d1", size = 348521, upload-time = "2025-12-13T17:45:33.889Z" },
]

[[package]]
name = "win32-setctime"
version = "1.2.0"
source = { registry = "https://pypi.org/simple" }
sdist = { url = "https://files.pythonhosted.org/packages/b3/8f/705086c9d734d3b663af0e9bb3d4de6578d08f46b1b101c2442fd9aecaa2/win32_setctime-1.2.0.tar.gz", hash = "sha256:ae1fdf948f5640aae05c511ade119313fb6a30d7eabe25fef9764dca5873c4c0", size = 4867, upload-time = "2024-12-07T15:28:28.314Z" }
wheels = [
    { url = "https://files.pythonhosted.org/packages/e1/07/c6fe3ad3e685340704d314d765b7912993bcb8dc198f0e7a89382d37974b/win32_setctime-1.2.0-py3-none-any.whl", hash = "sha256:95d644c4e708aba81dc3704a116d8cbc974d70b3bdb8be1d150e36be6e9d1390", size = 4083, upload-time = "2024-12-07T15:28:26.465Z" },
]
